
Microsoft Visual Studio Solution File, Format Version 12.00
# Visual Studio 15
VisualStudioVersion = 15.0.27130.2010
MinimumVisualStudioVersion = 10.0.40219.1
Project("{FAE04EC0-301F-11D3-BF4B-00C04F79EFBC}") = "Test", "Test\Test.csproj", "{E2C4A708-1297-4314-AA61-F4B88F02E321}"
EndProject
Global
	GlobalSection(SolutionConfigurationPlatforms) = preSolution
		Debug|Any CPU = Debug|Any CPU
		Release|Any CPU = Release|Any CPU
	EndGlobalSection
	GlobalSection(ProjectConfigurationPlatforms) = postSolution
		{E2C4A708-1297-4314-AA61-F4B88F02E321}.Debug|Any CPU.ActiveCfg = Debug|Any CPU
		{E2C4A708-1297-4314-AA61-F4B88F02E321}.Debug|Any CPU.Build.0 = Debug|Any CPU
		{E2C4A708-1297-4314-AA61-F4B88F02E321}.Release|Any CPU.ActiveCfg = Release|Any CPU
		{E2C4A708-1297-4314-AA61-F4B88F02E321}.Release|Any CPU.Build.0 = Release|Any CPU
	EndGlobalSection
	GlobalSection(SolutionProperties) = preSolution
		HideSolutionNode = FALSE
	EndGlobalSection
	GlobalSection(ExtensibilityGlobals) = postSolution
		SolutionGuid = {3375EF03-71B5-47B0-9574-848AA89EA191}
	EndGlobalSection
EndGlobal
